
Microsoft Visual Studio Solution File, Format Version 12.00
# Visual Studio Version 17
VisualStudioVersion = 17.7.34031.279
MinimumVisualStudioVersion = 10.0.40219.1
Project("{FAE04EC0-301F-11D3-BF4B-00C04F79EFBC}") = "authentucation-workshop", "authentucation-workshop\authentucation-workshop.csproj", "{4CF28352-AF09-401D-B401-38B6B63E9DD6}"
EndProject
Global
	GlobalSection(SolutionConfigurationPlatforms) = preSolution
		Debug|Any CPU = Debug|Any CPU
		Release|Any CPU = Release|Any CPU
	EndGlobalSection
	GlobalSection(ProjectConfigurationPlatforms) = postSolution
		{4CF28352-AF09-401D-B401-38B6B63E9DD6}.Debug|Any CPU.ActiveCfg = Debug|Any CPU
		{4CF28352-AF09-401D-B401-38B6B63E9DD6}.Debug|Any CPU.Build.0 = Debug|Any CPU
		{4CF28352-AF09-401D-B401-38B6B63E9DD6}.Release|Any CPU.ActiveCfg = Release|Any CPU
		{4CF28352-AF09-401D-B401-38B6B63E9DD6}.Release|Any CPU.Build.0 = Release|Any CPU
	EndGlobalSection
	GlobalSection(SolutionProperties) = preSolution
		HideSolutionNode = FALSE
	EndGlobalSection
	GlobalSection(ExtensibilityGlobals) = postSolution
		SolutionGuid = {A20E8A9B-8CFC-410B-A37F-2F6EDD3F808D}
	EndGlobalSection
EndGlobal
